<Solution>
  <Folder Name="/src/">
    <Project Path="src/CarRental.API/CarRental.API.csproj" />
    <Project Path="src/CarRental.Application/CarRental.Application.csproj" />
    <Project Path="src/CarRental.Domain/CarRental.Domain.csproj" />
    <Project Path="src/CarRental.Infrastructure/CarRental.Infrastructure.csproj" />
    <Project Path="src/CarRental.Notification.Function/CarRental.Notification.Function.csproj" />
    <Project Path="src/CarRental.Reporting.Function/CarRental.Reporting.Function.csproj" />
    <Project Path="src/CarRental.SharedKernel/CarRental.SharedKernel.csproj" />
  </Folder>
  <Folder Name="/tests/">
    <Project Path="tests/CarRental.UnitTests/CarRental.UnitTests.csproj" />
    <Project Path="tests/CarRental.IntegrationTests/CarRental.IntegrationTests.csproj" />
  </Folder>
</Solution>
